
Microsoft Visual Studio Solution File, Format Version 12.00
# Visual Studio Version 16
VisualStudioVersion = 16.0.29403.142
MinimumVisualStudioVersion = 10.0.40219.1
Project("{2150E333-8FDC-42A3-9474-1A3956D46DE8}") = "TCP_FinitieStateMachine.Tests", "TCP_FinitieStateMachine.Tests", "{412C1BE3-55B0-4201-9AB6-CF06F85902B3}"
EndProject
Project("{2150E333-8FDC-42A3-9474-1A3956D46DE8}") = "TCP_FinitieStateMachine_ClassLibrary", "TCP_FinitieStateMachine_ClassLibrary", "{4FDF5ECB-F85E-416A-A348-DFCFEFA7E192}"
EndProject
Project("{FAE04EC0-301F-11D3-BF4B-00C04F79EFBC}") = "TCP_FinitieStateMachine_ClassLibrary", "TCP_FinitieStateMachine_ClassLibrary\TCP_FinitieStateMachine_ClassLibrary.csproj", "{17DD7893-9517-4D74-8D53-F1C91FA890E1}"
EndProject
Project("{9A19103F-16F7-4668-BE54-9A1E7A4F7556}") = "TCP_FinitieStateMachine_Tests", "TCP_FinitieStateMachine_Tests\TCP_FinitieStateMachine_Tests.csproj", "{CE621C63-719A-4166-837F-7F2D57FEAFB2}"
EndProject
Global
	GlobalSection(SolutionConfigurationPlatforms) = preSolution
		Debug|Any CPU = Debug|Any CPU
		Release|Any CPU = Release|Any CPU
	EndGlobalSection
	GlobalSection(ProjectConfigurationPlatforms) = postSolution
		{17DD7893-9517-4D74-8D53-F1C91FA890E1}.Debug|Any CPU.ActiveCfg = Debug|Any CPU
		{17DD7893-9517-4D74-8D53-F1C91FA890E1}.Debug|Any CPU.Build.0 = Debug|Any CPU
		{17DD7893-9517-4D74-8D53-F1C91FA890E1}.Release|Any CPU.ActiveCfg = Release|Any CPU
		{17DD7893-9517-4D74-8D53-F1C91FA890E1}.Release|Any CPU.Build.0 = Release|Any CPU
		{CE621C63-719A-4166-837F-7F2D57FEAFB2}.Debug|Any CPU.ActiveCfg = Debug|Any CPU
		{CE621C63-719A-4166-837F-7F2D57FEAFB2}.Debug|Any CPU.Build.0 = Debug|Any CPU
		{CE621C63-719A-4166-837F-7F2D57FEAFB2}.Release|Any CPU.ActiveCfg = Release|Any CPU
		{CE621C63-719A-4166-837F-7F2D57FEAFB2}.Release|Any CPU.Build.0 = Release|Any CPU
	EndGlobalSection
	GlobalSection(SolutionProperties) = preSolution
		HideSolutionNode = FALSE
	EndGlobalSection
	GlobalSection(NestedProjects) = preSolution
		{17DD7893-9517-4D74-8D53-F1C91FA890E1} = {4FDF5ECB-F85E-416A-A348-DFCFEFA7E192}
		{CE621C63-719A-4166-837F-7F2D57FEAFB2} = {412C1BE3-55B0-4201-9AB6-CF06F85902B3}
	EndGlobalSection
	GlobalSection(ExtensibilityGlobals) = postSolution
		SolutionGuid = {1D6EC382-DC5D-4F6A-AAA2-3F55D1D96986}
	EndGlobalSection
EndGlobal
