
Microsoft Visual Studio Solution File, Format Version 12.00
# Visual Studio 15
VisualStudioVersion = 15.0.28307.757
MinimumVisualStudioVersion = 10.0.40219.1
Project("{FAE04EC0-301F-11D3-BF4B-00C04F79EFBC}") = "MeanSquare", "MeanSquare\MeanSquare.csproj", "{51716F71-E630-465C-BDF9-D47361527A18}"
EndProject
Project("{2150E333-8FDC-42A3-9474-1A3956D46DE8}") = "tests", "tests", "{4B09F19E-81F1-46A4-A119-280AC334D372}"
EndProject
Project("{FAE04EC0-301F-11D3-BF4B-00C04F79EFBC}") = "MeanSquare.Tests", "MeanSquare.Tests\MeanSquare.Tests.csproj", "{31C76C30-C506-465D-BE65-194B1A2D6AC3}"
EndProject
Global
	GlobalSection(SolutionConfigurationPlatforms) = preSolution
		Debug|Any CPU = Debug|Any CPU
		Release|Any CPU = Release|Any CPU
	EndGlobalSection
	GlobalSection(ProjectConfigurationPlatforms) = postSolution
		{51716F71-E630-465C-BDF9-D47361527A18}.Debug|Any CPU.ActiveCfg = Debug|Any CPU
		{51716F71-E630-465C-BDF9-D47361527A18}.Debug|Any CPU.Build.0 = Debug|Any CPU
		{51716F71-E630-465C-BDF9-D47361527A18}.Release|Any CPU.ActiveCfg = Release|Any CPU
		{51716F71-E630-465C-BDF9-D47361527A18}.Release|Any CPU.Build.0 = Release|Any CPU
		{31C76C30-C506-465D-BE65-194B1A2D6AC3}.Debug|Any CPU.ActiveCfg = Debug|Any CPU
		{31C76C30-C506-465D-BE65-194B1A2D6AC3}.Debug|Any CPU.Build.0 = Debug|Any CPU
		{31C76C30-C506-465D-BE65-194B1A2D6AC3}.Release|Any CPU.ActiveCfg = Release|Any CPU
		{31C76C30-C506-465D-BE65-194B1A2D6AC3}.Release|Any CPU.Build.0 = Release|Any CPU
	EndGlobalSection
	GlobalSection(SolutionProperties) = preSolution
		HideSolutionNode = FALSE
	EndGlobalSection
	GlobalSection(NestedProjects) = preSolution
		{31C76C30-C506-465D-BE65-194B1A2D6AC3} = {4B09F19E-81F1-46A4-A119-280AC334D372}
	EndGlobalSection
	GlobalSection(ExtensibilityGlobals) = postSolution
		SolutionGuid = {28BEB476-5A67-4D9F-A2CA-9E9A0089EDB7}
	EndGlobalSection
EndGlobal
