
Microsoft Visual Studio Solution File, Format Version 12.00
# Visual Studio 15
VisualStudioVersion = 15.0.28307.271
MinimumVisualStudioVersion = 10.0.40219.1
Project("{FAE04EC0-301F-11D3-BF4B-00C04F79EFBC}") = "UrlsAndRoutes", "UrlsAndRoutes\UrlsAndRoutes.csproj", "{BF615BC9-BB89-473B-B9CB-68B4FB4A2372}"
EndProject
Global
	GlobalSection(SolutionConfigurationPlatforms) = preSolution
		Debug|Any CPU = Debug|Any CPU
		Release|Any CPU = Release|Any CPU
	EndGlobalSection
	GlobalSection(ProjectConfigurationPlatforms) = postSolution
		{BF615BC9-BB89-473B-B9CB-68B4FB4A2372}.Debug|Any CPU.ActiveCfg = Debug|Any CPU
		{BF615BC9-BB89-473B-B9CB-68B4FB4A2372}.Debug|Any CPU.Build.0 = Debug|Any CPU
		{BF615BC9-BB89-473B-B9CB-68B4FB4A2372}.Release|Any CPU.ActiveCfg = Release|Any CPU
		{BF615BC9-BB89-473B-B9CB-68B4FB4A2372}.Release|Any CPU.Build.0 = Release|Any CPU
	EndGlobalSection
	GlobalSection(SolutionProperties) = preSolution
		HideSolutionNode = FALSE
	EndGlobalSection
	GlobalSection(ExtensibilityGlobals) = postSolution
		SolutionGuid = {EA0C394E-BA41-4E27-B89A-4CF1AE642740}
	EndGlobalSection
EndGlobal
