
Microsoft Visual Studio Solution File, Format Version 12.00
# Visual Studio Version 16
VisualStudioVersion = 16.0.28922.388
MinimumVisualStudioVersion = 10.0.40219.1
Project("{FAE04EC0-301F-11D3-BF4B-00C04F79EFBC}") = "UsingViewComponent", "UsingViewComponent.csproj", "{6AE5575B-6A71-4758-9A9B-F3D08D83DF0F}"
EndProject
Global
	GlobalSection(SolutionConfigurationPlatforms) = preSolution
		Debug|Any CPU = Debug|Any CPU
		Release|Any CPU = Release|Any CPU
	EndGlobalSection
	GlobalSection(ProjectConfigurationPlatforms) = postSolution
		{6AE5575B-6A71-4758-9A9B-F3D08D83DF0F}.Debug|Any CPU.ActiveCfg = Debug|Any CPU
		{6AE5575B-6A71-4758-9A9B-F3D08D83DF0F}.Debug|Any CPU.Build.0 = Debug|Any CPU
		{6AE5575B-6A71-4758-9A9B-F3D08D83DF0F}.Release|Any CPU.ActiveCfg = Release|Any CPU
		{6AE5575B-6A71-4758-9A9B-F3D08D83DF0F}.Release|Any CPU.Build.0 = Release|Any CPU
	EndGlobalSection
	GlobalSection(SolutionProperties) = preSolution
		HideSolutionNode = FALSE
	EndGlobalSection
	GlobalSection(ExtensibilityGlobals) = postSolution
		SolutionGuid = {CE46FE23-92A8-4DCC-B9C3-8B2CB90B7F56}
	EndGlobalSection
EndGlobal
