
Microsoft Visual Studio Solution File, Format Version 12.00
# Visual Studio Version 16
VisualStudioVersion = 16.0.29403.142
MinimumVisualStudioVersion = 10.0.40219.1
Project("{FAE04EC0-301F-11D3-BF4B-00C04F79EFBC}") = "Bagels", "Bagels\Bagels.csproj", "{516CD9F6-0965-4DD0-8DFA-D10860FD37E8}"
EndProject
Project("{2150E333-8FDC-42A3-9474-1A3956D46DE8}") = "tests", "tests", "{3426E0AC-B290-40D1-BCC3-F504D895AB5C}"
EndProject
Project("{FAE04EC0-301F-11D3-BF4B-00C04F79EFBC}") = "Bagels.Tests", "Bagels.Tests\Bagels.Tests.csproj", "{8FB303EF-7225-4778-96C9-477A16810522}"
EndProject
Global
	GlobalSection(SolutionConfigurationPlatforms) = preSolution
		Debug|Any CPU = Debug|Any CPU
		Release|Any CPU = Release|Any CPU
	EndGlobalSection
	GlobalSection(ProjectConfigurationPlatforms) = postSolution
		{516CD9F6-0965-4DD0-8DFA-D10860FD37E8}.Debug|Any CPU.ActiveCfg = Debug|Any CPU
		{516CD9F6-0965-4DD0-8DFA-D10860FD37E8}.Debug|Any CPU.Build.0 = Debug|Any CPU
		{516CD9F6-0965-4DD0-8DFA-D10860FD37E8}.Release|Any CPU.ActiveCfg = Release|Any CPU
		{516CD9F6-0965-4DD0-8DFA-D10860FD37E8}.Release|Any CPU.Build.0 = Release|Any CPU
		{8FB303EF-7225-4778-96C9-477A16810522}.Debug|Any CPU.ActiveCfg = Debug|Any CPU
		{8FB303EF-7225-4778-96C9-477A16810522}.Debug|Any CPU.Build.0 = Debug|Any CPU
		{8FB303EF-7225-4778-96C9-477A16810522}.Release|Any CPU.ActiveCfg = Release|Any CPU
		{8FB303EF-7225-4778-96C9-477A16810522}.Release|Any CPU.Build.0 = Release|Any CPU
	EndGlobalSection
	GlobalSection(SolutionProperties) = preSolution
		HideSolutionNode = FALSE
	EndGlobalSection
	GlobalSection(NestedProjects) = preSolution
		{8FB303EF-7225-4778-96C9-477A16810522} = {3426E0AC-B290-40D1-BCC3-F504D895AB5C}
	EndGlobalSection
	GlobalSection(ExtensibilityGlobals) = postSolution
		SolutionGuid = {1FBE2EA7-4A9C-4C14-B8B8-F615C6CEECA5}
	EndGlobalSection
EndGlobal
